
Microsoft Visual Studio Solution File, Format Version 12.00
# Visual Studio Version 17
VisualStudioVersion = 17.0.31903.59
MinimumVisualStudioVersion = 10.0.40219.1
Project("{FAE04EC0-301F-11D3-BF4B-00C04F79EFBC}") = "SecondLab.Console", "SecondLab.Console\SecondLab.Console.csproj", "{EE3064A6-6CDB-49C7-A851-6506F146D2D8}"
EndProject
Project("{FAE04EC0-301F-11D3-BF4B-00C04F79EFBC}") = "SecondLab.Core", "SecondLab.Core\SecondLab.Core.csproj", "{83268E7D-5DCE-4CF1-9B99-F2B530EE205B}"
EndProject
Project("{FAE04EC0-301F-11D3-BF4B-00C04F79EFBC}") = "SecondLab.Data", "SecondLab.Data\SecondLab.Data.csproj", "{AFF14A26-00F0-46EA-B9E0-848281E35914}"
EndProject
Global
	GlobalSection(SolutionConfigurationPlatforms) = preSolution
		Debug|Any CPU = Debug|Any CPU
		Release|Any CPU = Release|Any CPU
	EndGlobalSection
	GlobalSection(SolutionProperties) = preSolution
		HideSolutionNode = FALSE
	EndGlobalSection
	GlobalSection(ProjectConfigurationPlatforms) = postSolution
		{EE3064A6-6CDB-49C7-A851-6506F146D2D8}.Debug|Any CPU.ActiveCfg = Debug|Any CPU
		{EE3064A6-6CDB-49C7-A851-6506F146D2D8}.Debug|Any CPU.Build.0 = Debug|Any CPU
		{EE3064A6-6CDB-49C7-A851-6506F146D2D8}.Release|Any CPU.ActiveCfg = Release|Any CPU
		{EE3064A6-6CDB-49C7-A851-6506F146D2D8}.Release|Any CPU.Build.0 = Release|Any CPU
		{83268E7D-5DCE-4CF1-9B99-F2B530EE205B}.Debug|Any CPU.ActiveCfg = Debug|Any CPU
		{83268E7D-5DCE-4CF1-9B99-F2B530EE205B}.Debug|Any CPU.Build.0 = Debug|Any CPU
		{83268E7D-5DCE-4CF1-9B99-F2B530EE205B}.Release|Any CPU.ActiveCfg = Release|Any CPU
		{83268E7D-5DCE-4CF1-9B99-F2B530EE205B}.Release|Any CPU.Build.0 = Release|Any CPU
		{AFF14A26-00F0-46EA-B9E0-848281E35914}.Debug|Any CPU.ActiveCfg = Debug|Any CPU
		{AFF14A26-00F0-46EA-B9E0-848281E35914}.Debug|Any CPU.Build.0 = Debug|Any CPU
		{AFF14A26-00F0-46EA-B9E0-848281E35914}.Release|Any CPU.ActiveCfg = Release|Any CPU
		{AFF14A26-00F0-46EA-B9E0-848281E35914}.Release|Any CPU.Build.0 = Release|Any CPU
	EndGlobalSection
EndGlobal
